
Microsoft Visual Studio Solution File, Format Version 12.00
# Visual Studio Version 17
VisualStudioVersion = 17.13.35913.81
MinimumVisualStudioVersion = 10.0.40219.1
Project("{FAE04EC0-301F-11D3-BF4B-00C04F79EFBC}") = "ChallengeYardFlow", "ChallengeYardFlow\ChallengeYardFlow.csproj", "{A0868202-C591-425E-9D73-97A6D8D567EF}"
EndProject
Global
	GlobalSection(SolutionConfigurationPlatforms) = preSolution
		Debug|Any CPU = Debug|Any CPU
		Release|Any CPU = Release|Any CPU
	EndGlobalSection
	GlobalSection(ProjectConfigurationPlatforms) = postSolution
		{A0868202-C591-425E-9D73-97A6D8D567EF}.Debug|Any CPU.ActiveCfg = Debug|Any CPU
		{A0868202-C591-425E-9D73-97A6D8D567EF}.Debug|Any CPU.Build.0 = Debug|Any CPU
		{A0868202-C591-425E-9D73-97A6D8D567EF}.Release|Any CPU.ActiveCfg = Release|Any CPU
		{A0868202-C591-425E-9D73-97A6D8D567EF}.Release|Any CPU.Build.0 = Release|Any CPU
	EndGlobalSection
	GlobalSection(SolutionProperties) = preSolution
		HideSolutionNode = FALSE
	EndGlobalSection
	GlobalSection(ExtensibilityGlobals) = postSolution
		SolutionGuid = {3E44D758-BC49-4A0D-A2B0-16C01B3E8445}
	EndGlobalSection
EndGlobal
